{
  "name": "theia-post-slider",
  "requires": true,
  "lockfileVersion": 1,
  "dependencies": {
    "iframe-resizer": {
      "version": "3.5.14",
      "resolved": "https://registry.npmjs.org/iframe-resizer/-/iframe-resizer-3.5.14.tgz",
      "integrity": "sha1-23cOjxz2PSx30Q0OGO3CUkvzb7Q="
    }
  }
}
